<?xml version="1.0" encoding="utf-8"?>
<Project ToolsVersion="4.0" xmlns="http://schemas.microsoft.com/developer/msbuild/2003">
  <ItemGroup>
    <Filter Include="Source Files">
      <UniqueIdentifier>{4FC737F1-C7A5-4376-A066-2A32D752A2FF}</UniqueIdentifier>
      <Extensions>cpp;c;cc;cxx;def;odl;idl;hpj;bat;asm;asmx</Extensions>
    </Filter>
    <Filter Include="Header Files">
      <UniqueIdentifier>{93995380-89BD-4b04-88EB-625FBE52EBFB}</UniqueIdentifier>
      <Extensions>h;hpp;hxx;hm;inl;inc;xsd</Extensions>
    </Filter>
    <Filter Include="Resource Files">
      <UniqueIdentifier>{67DA6AB6-F800-4c08-8B7A-83BB121AAD01}</UniqueIdentifier>
      <Extensions>rc;ico;cur;bmp;dlg;rc2;rct;bin;rgs;gif;jpg;jpeg;jpe;resx;tiff;tif;png;wav;mfcribbon-ms</Extensions>
    </Filter>
    <Filter Include="Header Files\Common">
      <UniqueIdentifier>{f1ea9d00-480c-4f2b-83a9-747b6c7be27d}</UniqueIdentifier>
    </Filter>
    <Filter Include="Header Files\Image">
      <UniqueIdentifier>{34c96f03-f240-4538-a71e-5daf1ac4a001}</UniqueIdentifier>
    </Filter>
    <Filter Include="Source Files\Common">
      <UniqueIdentifier>{5fe37942-0dd2-488f-a2ec-d2cb56f353a8}</UniqueIdentifier>
    </Filter>
    <Filter Include="Source Files\Image">
      <UniqueIdentifier>{8a8f44c4-ceb4-4040-a52d-e9a89dbbb515}</UniqueIdentifier>
    </Filter>
  </ItemGroup>
  <ItemGroup>
    <ClInclude Include="Logger.h">
      <Filter>Header Files\Common</Filter>
    </ClInclude>
    <ClInclude Include="CodeParam.h">
      <Filter>Header Files\Image</Filter>
    </ClInclude>
    <ClInclude Include="TileCodeParam.h">
      <Filter>Header Files\Image</Filter>
    </ClInclude>
    <ClInclude Include="TileCompCodeParam.h">
      <Filter>Header Files\Image</Filter>
    </ClInclude>
    <ClInclude Include="Component.h">
      <Filter>Header Files\Image</Filter>
    </ClInclude>
    <ClInclude Include="jpegMath.h">
      <Filter>Header Files\Common</Filter>
    </ClInclude>
    <ClInclude Include="PPM.h">
      <Filter>Header Files\Image</Filter>
    </ClInclude>
    <ClInclude Include="PPT.h">
      <Filter>Header Files\Image</Filter>
    </ClInclude>
    <ClInclude Include="POC.h">
      <Filter>Header Files\Image</Filter>
    </ClInclude>
    <ClInclude Include="jp2Struct.h">
      <Filter>Header Files\Image</Filter>
    </ClInclude>
    <ClInclude Include="jp2Component.h">
      <Filter>Header Files\Image</Filter>
    </ClInclude>
    <ClInclude Include="jp2Image.h">
      <Filter>Header Files\Image</Filter>
    </ClInclude>
    <ClInclude Include="jp2Writer.h">
      <Filter>Header Files\Image</Filter>
    </ClInclude>
    <ClInclude Include="jp2Box.h">
      <Filter>Header Files\Image</Filter>
    </ClInclude>
    <ClInclude Include="j2kCoder.h">
      <Filter>Header Files\Image</Filter>
    </ClInclude>
    <ClInclude Include="StepSize.h">
      <Filter>Header Files\Image</Filter>
    </ClInclude>
    <ClInclude Include="j2kTileCoder.h">
      <Filter>Header Files\Image</Filter>
    </ClInclude>
    <ClInclude Include="j2kCustom.h">
      <Filter>Header Files\Image</Filter>
    </ClInclude>
    <ClInclude Include="j2kTag.h">
      <Filter>Header Files\Image</Filter>
    </ClInclude>
    <ClInclude Include="j2kDWT.h">
      <Filter>Header Files\Image</Filter>
    </ClInclude>
    <ClInclude Include="j2kMCT.h">
      <Filter>Header Files\Image</Filter>
    </ClInclude>
    <ClInclude Include="j2kTileCoder_Custom.h">
      <Filter>Header Files\Image</Filter>
    </ClInclude>
    <ClInclude Include="j2kTier1.h">
      <Filter>Header Files\Image</Filter>
    </ClInclude>
    <ClInclude Include="j2kTier2.h">
      <Filter>Header Files\Image</Filter>
    </ClInclude>
    <ClInclude Include="j2kMQState.h">
      <Filter>Header Files\Image</Filter>
    </ClInclude>
    <ClInclude Include="j2kPacketIterator.h">
      <Filter>Header Files\Image</Filter>
    </ClInclude>
    <ClInclude Include="j2kConst.h">
      <Filter>Header Files\Image</Filter>
    </ClInclude>
    <ClInclude Include="bitInputOutput.h">
      <Filter>Header Files\Common</Filter>
    </ClInclude>
    <ClInclude Include="charInputOutput.h">
      <Filter>Header Files\Common</Filter>
    </ClInclude>
    <ClInclude Include="bmpReader.h">
      <Filter>Header Files\Common</Filter>
    </ClInclude>
    <ClInclude Include="preProcessor.h">
      <Filter>Header Files\Image</Filter>
    </ClInclude>
  </ItemGroup>
  <ItemGroup>
    <ClCompile Include="Logger.cpp">
      <Filter>Source Files\Common</Filter>
    </ClCompile>
    <ClCompile Include="jpegMath.cpp">
      <Filter>Source Files\Common</Filter>
    </ClCompile>
    <ClCompile Include="jp2Writer.cpp">
      <Filter>Source Files\Image</Filter>
    </ClCompile>
    <ClCompile Include="j2kCoder.cpp">
      <Filter>Source Files\Image</Filter>
    </ClCompile>
    <ClCompile Include="j2kTileCoder.cpp">
      <Filter>Source Files\Image</Filter>
    </ClCompile>
    <ClCompile Include="j2kTag.cpp">
      <Filter>Source Files\Image</Filter>
    </ClCompile>
    <ClCompile Include="j2kTier1.cpp">
      <Filter>Source Files\Image</Filter>
    </ClCompile>
    <ClCompile Include="j2kTier2.cpp">
      <Filter>Source Files\Image</Filter>
    </ClCompile>
    <ClCompile Include="charInputOutput.cpp">
      <Filter>Source Files\Common</Filter>
    </ClCompile>
    <ClCompile Include="bitInputOutput.cpp">
      <Filter>Source Files\Common</Filter>
    </ClCompile>
    <ClCompile Include="j2kPacketIterator.cpp">
      <Filter>Source Files\Image</Filter>
    </ClCompile>
    <ClCompile Include="bmpReader.cpp">
      <Filter>Source Files\Common</Filter>
    </ClCompile>
    <ClCompile Include="jp2Struct.cpp">
      <Filter>Source Files\Image</Filter>
    </ClCompile>
    <ClCompile Include="preProcessor.cpp">
      <Filter>Source Files\Image</Filter>
    </ClCompile>
  </ItemGroup>
</Project>